{
  "name": "rmsgen",
  "version": "1.1.4",
  "lockfileVersion": 2,
  "requires": true,
  "packages": {
    "": {
      "name": "rmsgen",
      "version": "1.1.4",
      "license": "MIT",
      "dependencies": {
        "rmsgen": "^1.1.1"
      },
      "bin": {
        "rmsg": "bin/global.js"
      }
    },
    "node_modules/rmsgen": {
      "version": "1.1.1",
      "resolved": "https://registry.npmjs.org/rmsgen/-/rmsgen-1.1.1.tgz",
      "integrity": "sha512-ayYnVIlAh5Ue+4rzL7ZtBwlp4Sp0XS0VUkxi1sV/1XG0rV1kywcul9cRz/huY+FK+ntS8dzCFgKOcXobMiTohg==",
      "bin": {
        "rmsg": "bin/global.js"
      }
    }
  },
  "dependencies": {
    "rmsgen": {
      "version": "1.1.1",
      "resolved": "https://registry.npmjs.org/rmsgen/-/rmsgen-1.1.1.tgz",
      "integrity": "sha512-ayYnVIlAh5Ue+4rzL7ZtBwlp4Sp0XS0VUkxi1sV/1XG0rV1kywcul9cRz/huY+FK+ntS8dzCFgKOcXobMiTohg=="
    }
  }
}
